
Microsoft Visual Studio Solution File, Format Version 12.00
# Visual Studio Version 17
VisualStudioVersion = 17.5.33530.505
MinimumVisualStudioVersion = 10.0.40219.1
Project("{FAE04EC0-301F-11D3-BF4B-00C04F79EFBC}") = "ЛР 1 Создание и использование классов Шапкин", "ЛР 1 Создание и использование классов Шапкин\ЛР 1 Создание и использование классов Шапкин.csproj", "{A5C50454-8AC3-4773-AD6B-01CA34891253}"
EndProject
Global
	GlobalSection(SolutionConfigurationPlatforms) = preSolution
		Debug|Any CPU = Debug|Any CPU
		Release|Any CPU = Release|Any CPU
	EndGlobalSection
	GlobalSection(ProjectConfigurationPlatforms) = postSolution
		{A5C50454-8AC3-4773-AD6B-01CA34891253}.Debug|Any CPU.ActiveCfg = Debug|Any CPU
		{A5C50454-8AC3-4773-AD6B-01CA34891253}.Debug|Any CPU.Build.0 = Debug|Any CPU
		{A5C50454-8AC3-4773-AD6B-01CA34891253}.Release|Any CPU.ActiveCfg = Release|Any CPU
		{A5C50454-8AC3-4773-AD6B-01CA34891253}.Release|Any CPU.Build.0 = Release|Any CPU
	EndGlobalSection
	GlobalSection(SolutionProperties) = preSolution
		HideSolutionNode = FALSE
	EndGlobalSection
	GlobalSection(ExtensibilityGlobals) = postSolution
		SolutionGuid = {18D7001F-F96A-4EE7-B922-4469DAE8B3E1}
	EndGlobalSection
EndGlobal
